// !$*UTF8*$!
{
	archiveVersion = 1;
	classes = {
	};
	objectVersion = 52;
	objects = {

/* Begin PBXBuildFile section */
		2160961B24C5B5EB00DFE9B0 /* AppDelegate.swift in Sources */ = {isa = PBXBuildFile; fileRef = 2160961A24C5B5EB00DFE9B0 /* AppDelegate.swift */; };
		2160961D24C5B5EB00DFE9B0 /* SceneDelegate.swift in Sources */ = {isa = PBXBuildFile; fileRef = 2160961C24C5B5EB00DFE9B0 /* SceneDelegate.swift */; };
		2160961F24C5B5EB00DFE9B0 /* ContentView.swift in Sources */ = {isa = PBXBuildFile; fileRef = 2160961E24C5B5EB00DFE9B0 /* ContentView.swift */; };
		2160962124C5B5EE00DFE9B0 /* Assets.xcassets in Resources */ = {isa = PBXBuildFile; fileRef = 2160962024C5B5EE00DFE9B0 /* Assets.xcassets */; };
		2160962424C5B5EE00DFE9B0 /* Preview Assets.xcassets in Resources */ = {isa = PBXBuildFile; fileRef = 2160962324C5B5EE00DFE9B0 /* Preview Assets.xcassets */; };
		2160962724C5B5EE00DFE9B0 /* LaunchScreen.storyboard in Resources */ = {isa = PBXBuildFile; fileRef = 2160962524C5B5EE00DFE9B0 /* LaunchScreen.storyboard */; };
		2160963024C5BCBD00DFE9B0 /* ColorExtension.swift in Sources */ = {isa = PBXBuildFile; fileRef = 2160962F24C5BCBD00DFE9B0 /* ColorExtension.swift */; };
		2160963224C5BFEC00DFE9B0 /* FontExtension.swift in Sources */ = {isa = PBXBuildFile; fileRef = 2160963124C5BFEC00DFE9B0 /* FontExtension.swift */; };
		2160963424C5C71F00DFE9B0 /* Strings.swift in Sources */ = {isa = PBXBuildFile; fileRef = 2160963324C5C71F00DFE9B0 /* Strings.swift */; };
		2160963624C5E4E000DFE9B0 /* SignInView.swift in Sources */ = {isa = PBXBuildFile; fileRef = 2160963524C5E4E000DFE9B0 /* SignInView.swift */; };
		2160963A24C5E6AC00DFE9B0 /* Utils.swift in Sources */ = {isa = PBXBuildFile; fileRef = 2160963924C5E6AC00DFE9B0 /* Utils.swift */; };
		21C9CC3824C9A46F003BB8FB /* SplashView.swift in Sources */ = {isa = PBXBuildFile; fileRef = 21C9CC3724C9A46F003BB8FB /* SplashView.swift */; };
		21EE05EA24C69DE600281078 /* SignUpView.swift in Sources */ = {isa = PBXBuildFile; fileRef = 21EE05E924C69DE600281078 /* SignUpView.swift */; };
		21EE05ED24C6A1E300281078 /* SocialButtons.swift in Sources */ = {isa = PBXBuildFile; fileRef = 21EE05EC24C6A1E300281078 /* SocialButtons.swift */; };
		21EE05F024C6D37C00281078 /* FacebookLogin in Frameworks */ = {isa = PBXBuildFile; productRef = 21EE05EF24C6D37C00281078 /* FacebookLogin */; };
		21EE05F224C6D37C00281078 /* FacebookCore in Frameworks */ = {isa = PBXBuildFile; productRef = 21EE05F124C6D37C00281078 /* FacebookCore */; };
		21EE05F424C6ED8D00281078 /* HomeView.swift in Sources */ = {isa = PBXBuildFile; fileRef = 21EE05F324C6ED8D00281078 /* HomeView.swift */; };
		21EE05F624C70A2C00281078 /* ImageExtension.swift in Sources */ = {isa = PBXBuildFile; fileRef = 21EE05F524C70A2C00281078 /* ImageExtension.swift */; };
		21EE05F924C70AE200281078 /* LoginManager.swift in Sources */ = {isa = PBXBuildFile; fileRef = 21EE05F824C70AE200281078 /* LoginManager.swift */; };
		BF44308BF2F11E6E1A54F4E0 /* Pods_AuthenticationFlow.framework in Frameworks */ = {isa = PBXBuildFile; fileRef = 6F89CF4EEF8506C4D98582C9 /* Pods_AuthenticationFlow.framework */; };
/* End PBXBuildFile section */

/* Begin PBXFileReference section */
		2160961724C5B5EB00DFE9B0 /* AuthenticationFlow.app */ = {isa = PBXFileReference; explicitFileType = wrapper.application; includeInIndex = 0; path = AuthenticationFlow.app; sourceTree = BUILT_PRODUCTS_DIR; };
		2160961A24C5B5EB00DFE9B0 /* AppDelegate.swift */ = {isa = PBXFileReference; lastKnownFileType = sourcecode.swift; path = AppDelegate.swift; sourceTree = "<group>"; };
		2160961C24C5B5EB00DFE9B0 /* SceneDelegate.swift */ = {isa = PBXFileReference; lastKnownFileType = sourcecode.swift; path = SceneDelegate.swift; sourceTree = "<group>"; };
		2160961E24C5B5EB00DFE9B0 /* ContentView.swift */ = {isa = PBXFileReference; lastKnownFileType = sourcecode.swift; path = ContentView.swift; sourceTree = "<group>"; };
		2160962024C5B5EE00DFE9B0 /* Assets.xcassets */ = {isa = PBXFileReference; lastKnownFileType = folder.assetcatalog; path = Assets.xcassets; sourceTree = "<group>"; };
		2160962324C5B5EE00DFE9B0 /* Preview Assets.xcassets */ = {isa = PBXFileReference; lastKnownFileType = folder.assetcatalog; path = "Preview Assets.xcassets"; sourceTree = "<group>"; };
		2160962624C5B5EE00DFE9B0 /* Base */ = {isa = PBXFileReference; lastKnownFileType = file.storyboard; name = Base; path = Base.lproj/LaunchScreen.storyboard; sourceTree = "<group>"; };
		2160962824C5B5EE00DFE9B0 /* Info.plist */ = {isa = PBXFileReference; lastKnownFileType = text.plist.xml; path = Info.plist; sourceTree = "<group>"; };
		2160962F24C5BCBD00DFE9B0 /* ColorExtension.swift */ = {isa = PBXFileReference; lastKnownFileType = sourcecode.swift; path = ColorExtension.swift; sourceTree = "<group>"; };
		2160963124C5BFEC00DFE9B0 /* FontExtension.swift */ = {isa = PBXFileReference; lastKnownFileType = sourcecode.swift; path = FontExtension.swift; sourceTree = "<group>"; };
		2160963324C5C71F00DFE9B0 /* Strings.swift */ = {isa = PBXFileReference; lastKnownFileType = sourcecode.swift; path = Strings.swift; sourceTree = "<group>"; };
		2160963524C5E4E000DFE9B0 /* SignInView.swift */ = {isa = PBXFileReference; lastKnownFileType = sourcecode.swift; path = SignInView.swift; sourceTree = "<group>"; };
		2160963924C5E6AC00DFE9B0 /* Utils.swift */ = {isa = PBXFileReference; lastKnownFileType = sourcecode.swift; path = Utils.swift; sourceTree = "<group>"; };
		21C9CC3724C9A46F003BB8FB /* SplashView.swift */ = {isa = PBXFileReference; lastKnownFileType = sourcecode.swift; path = SplashView.swift; sourceTree = "<group>"; };
		21EE05E924C69DE600281078 /* SignUpView.swift */ = {isa = PBXFileReference; lastKnownFileType = sourcecode.swift; path = SignUpView.swift; sourceTree = "<group>"; };
		21EE05EC24C6A1E300281078 /* SocialButtons.swift */ = {isa = PBXFileReference; lastKnownFileType = sourcecode.swift; path = SocialButtons.swift; sourceTree = "<group>"; };
		21EE05F324C6ED8D00281078 /* HomeView.swift */ = {isa = PBXFileReference; lastKnownFileType = sourcecode.swift; path = HomeView.swift; sourceTree = "<group>"; };
		21EE05F524C70A2C00281078 /* ImageExtension.swift */ = {isa = PBXFileReference; lastKnownFileType = sourcecode.swift; path = ImageExtension.swift; sourceTree = "<group>"; };
		21EE05F824C70AE200281078 /* LoginManager.swift */ = {isa = PBXFileReference; lastKnownFileType = sourcecode.swift; path = LoginManager.swift; sourceTree = "<group>"; };
		21EE05FB24C747A300281078 /* AuthenticationFlow.entitlements */ = {isa = PBXFileReference; lastKnownFileType = text.plist.entitlements; path = AuthenticationFlow.entitlements; sourceTree = "<group>"; };
		6F89CF4EEF8506C4D98582C9 /* Pods_AuthenticationFlow.framework */ = {isa = PBXFileReference; explicitFileType = wrapper.framework; includeInIndex = 0; path = Pods_AuthenticationFlow.framework; sourceTree = BUILT_PRODUCTS_DIR; };
		B85A4D2E2A31AD912D6774B9 /* Pods-AuthenticationFlow.release.xcconfig */ = {isa = PBXFileReference; includeInIndex = 1; lastKnownFileType = text.xcconfig; name = "Pods-AuthenticationFlow.release.xcconfig"; path = "Target Support Files/Pods-AuthenticationFlow/Pods-AuthenticationFlow.release.xcconfig"; sourceTree = "<group>"; };
		FC144E04437BD66CBEA82B9D /* Pods-AuthenticationFlow.debug.xcconfig */ = {isa = PBXFileReference; includeInIndex = 1; lastKnownFileType = text.xcconfig; name = "Pods-AuthenticationFlow.debug.xcconfig"; path = "Target Support Files/Pods-AuthenticationFlow/Pods-AuthenticationFlow.debug.xcconfig"; sourceTree = "<group>"; };
/* End PBXFileReference section */

/* Begin PBXFrameworksBuildPhase section */
		2160961424C5B5EB00DFE9B0 /* Frameworks */ = {
			isa = PBXFrameworksBuildPhase;
			buildActionMask = 2147483647;
			files = (
				21EE05F024C6D37C00281078 /* FacebookLogin in Frameworks */,
				21EE05F224C6D37C00281078 /* FacebookCore in Frameworks */,
				BF44308BF2F11E6E1A54F4E0 /* Pods_AuthenticationFlow.framework in Frameworks */,
			);
			runOnlyForDeploymentPostprocessing = 0;
		};
/* End PBXFrameworksBuildPhase section */

/* Begin PBXGroup section */
		075697D193808C611660A2BA /* Frameworks */ = {
			isa = PBXGroup;
			children = (
				6F89CF4EEF8506C4D98582C9 /* Pods_AuthenticationFlow.framework */,
			);
			name = Frameworks;
			sourceTree = "<group>";
		};
		2160960E24C5B5EB00DFE9B0 = {
			isa = PBXGroup;
			children = (
				2160961924C5B5EB00DFE9B0 /* AuthenticationFlow */,
				2160961824C5B5EB00DFE9B0 /* Products */,
				9BA8EF0C658A193F24D5F004 /* Pods */,
				075697D193808C611660A2BA /* Frameworks */,
			);
			sourceTree = "<group>";
		};
		2160961824C5B5EB00DFE9B0 /* Products */ = {
			isa = PBXGroup;
			children = (
				2160961724C5B5EB00DFE9B0 /* AuthenticationFlow.app */,
			);
			name = Products;
			sourceTree = "<group>";
		};
		2160961924C5B5EB00DFE9B0 /* AuthenticationFlow */ = {
			isa = PBXGroup;
			children = (
				21EE05FB24C747A300281078 /* AuthenticationFlow.entitlements */,
				2160961A24C5B5EB00DFE9B0 /* AppDelegate.swift */,
				2160961C24C5B5EB00DFE9B0 /* SceneDelegate.swift */,
				2160962024C5B5EE00DFE9B0 /* Assets.xcassets */,
				2160962524C5B5EE00DFE9B0 /* LaunchScreen.storyboard */,
				2160962824C5B5EE00DFE9B0 /* Info.plist */,
				2160962224C5B5EE00DFE9B0 /* Preview Content */,
				2160962E24C5BCA500DFE9B0 /* Extensions */,
				21EE05EB24C6A19100281078 /* SwiftUIs */,
				21EE05F724C70AD200281078 /* Managers */,
				21EE05FA24C7185800281078 /* Helper */,
			);
			path = AuthenticationFlow;
			sourceTree = "<group>";
		};
		2160962224C5B5EE00DFE9B0 /* Preview Content */ = {
			isa = PBXGroup;
			children = (
				2160962324C5B5EE00DFE9B0 /* Preview Assets.xcassets */,
			);
			path = "Preview Content";
			sourceTree = "<group>";
		};
		2160962E24C5BCA500DFE9B0 /* Extensions */ = {
			isa = PBXGroup;
			children = (
				2160962F24C5BCBD00DFE9B0 /* ColorExtension.swift */,
				2160963124C5BFEC00DFE9B0 /* FontExtension.swift */,
				21EE05F524C70A2C00281078 /* ImageExtension.swift */,
			);
			path = Extensions;
			sourceTree = "<group>";
		};
		21EE05EB24C6A19100281078 /* SwiftUIs */ = {
			isa = PBXGroup;
			children = (
				21C9CC3724C9A46F003BB8FB /* SplashView.swift */,
				2160961E24C5B5EB00DFE9B0 /* ContentView.swift */,
				2160963524C5E4E000DFE9B0 /* SignInView.swift */,
				21EE05E924C69DE600281078 /* SignUpView.swift */,
				21EE05EC24C6A1E300281078 /* SocialButtons.swift */,
				21EE05F324C6ED8D00281078 /* HomeView.swift */,
			);
			path = SwiftUIs;
			sourceTree = "<group>";
		};
		21EE05F724C70AD200281078 /* Managers */ = {
			isa = PBXGroup;
			children = (
				21EE05F824C70AE200281078 /* LoginManager.swift */,
			);
			path = Managers;
			sourceTree = "<group>";
		};
		21EE05FA24C7185800281078 /* Helper */ = {
			isa = PBXGroup;
			children = (
				2160963324C5C71F00DFE9B0 /* Strings.swift */,
				2160963924C5E6AC00DFE9B0 /* Utils.swift */,
			);
			path = Helper;
			sourceTree = "<group>";
		};
		9BA8EF0C658A193F24D5F004 /* Pods */ = {
			isa = PBXGroup;
			children = (
				FC144E04437BD66CBEA82B9D /* Pods-AuthenticationFlow.debug.xcconfig */,
				B85A4D2E2A31AD912D6774B9 /* Pods-AuthenticationFlow.release.xcconfig */,
			);
			path = Pods;
			sourceTree = "<group>";
		};
/* End PBXGroup section */

/* Begin PBXNativeTarget section */
		2160961624C5B5EB00DFE9B0 /* AuthenticationFlow */ = {
			isa = PBXNativeTarget;
			buildConfigurationList = 2160962B24C5B5EE00DFE9B0 /* Build configuration list for PBXNativeTarget "AuthenticationFlow" */;
			buildPhases = (
				789F28420D30F0C98F21A622 /* [CP] Check Pods Manifest.lock */,
				2160961324C5B5EB00DFE9B0 /* Sources */,
				2160961424C5B5EB00DFE9B0 /* Frameworks */,
				2160961524C5B5EB00DFE9B0 /* Resources */,
				7838979ADC19222B054700AF /* [CP] Embed Pods Frameworks */,
				33F70ED2885A3A46E8648106 /* [CP] Copy Pods Resources */,
			);
			buildRules = (
			);
			dependencies = (
			);
			name = AuthenticationFlow;
			packageProductDependencies = (
				21EE05EF24C6D37C00281078 /* FacebookLogin */,
				21EE05F124C6D37C00281078 /* FacebookCore */,
			);
			productName = AuthenticationFlow;
			productReference = 2160961724C5B5EB00DFE9B0 /* AuthenticationFlow.app */;
			productType = "com.apple.product-type.application";
		};
/* End PBXNativeTarget section */

/* Begin PBXProject section */
		2160960F24C5B5EB00DFE9B0 /* Project object */ = {
			isa = PBXProject;
			attributes = {
				LastSwiftUpdateCheck = 1130;
				LastUpgradeCheck = 1130;
				ORGANIZATIONNAME = vj;
				TargetAttributes = {
					2160961624C5B5EB00DFE9B0 = {
						CreatedOnToolsVersion = 11.3;
					};
				};
			};
			buildConfigurationList = 2160961224C5B5EB00DFE9B0 /* Build configuration list for PBXProject "AuthenticationFlow" */;
			compatibilityVersion = "Xcode 9.3";
			developmentRegion = en;
			hasScannedForEncodings = 0;
			knownRegions = (
				en,
				Base,
			);
			mainGroup = 2160960E24C5B5EB00DFE9B0;
			packageReferences = (
				21EE05EE24C6D37C00281078 /* XCRemoteSwiftPackageReference "facebook-ios-sdk" */,
			);
			productRefGroup = 2160961824C5B5EB00DFE9B0 /* Products */;
			projectDirPath = "";
			projectRoot = "";
			targets = (
				2160961624C5B5EB00DFE9B0 /* AuthenticationFlow */,
			);
		};
/* End PBXProject section */

/* Begin PBXResourcesBuildPhase section */
		2160961524C5B5EB00DFE9B0 /* Resources */ = {
			isa = PBXResourcesBuildPhase;
			buildActionMask = 2147483647;
			files = (
				2160962724C5B5EE00DFE9B0 /* LaunchScreen.storyboard in Resources */,
				2160962424C5B5EE00DFE9B0 /* Preview Assets.xcassets in Resources */,
				2160962124C5B5EE00DFE9B0 /* Assets.xcassets in Resources */,
			);
			runOnlyForDeploymentPostprocessing = 0;
		};
/* End PBXResourcesBuildPhase section */

/* Begin PBXShellScriptBuildPhase section */
		33F70ED2885A3A46E8648106 /* [CP] Copy Pods Resources */ = {
			isa = PBXShellScriptBuildPhase;
			buildActionMask = 2147483647;
			files = (
			);
			inputFileListPaths = (
				"${PODS_ROOT}/Target Support Files/Pods-AuthenticationFlow/Pods-AuthenticationFlow-resources-${CONFIGURATION}-input-files.xcfilelist",
			);
			name = "[CP] Copy Pods Resources";
			outputFileListPaths = (
				"${PODS_ROOT}/Target Support Files/Pods-AuthenticationFlow/Pods-AuthenticationFlow-resources-${CONFIGURATION}-output-files.xcfilelist",
			);
			runOnlyForDeploymentPostprocessing = 0;
			shellPath = /bin/sh;
			shellScript = "\"${PODS_ROOT}/Target Support Files/Pods-AuthenticationFlow/Pods-AuthenticationFlow-resources.sh\"\n";
			showEnvVarsInLog = 0;
		};
		7838979ADC19222B054700AF /* [CP] Embed Pods Frameworks */ = {
			isa = PBXShellScriptBuildPhase;
			buildActionMask = 2147483647;
			files = (
			);
			inputFileListPaths = (
				"${PODS_ROOT}/Target Support Files/Pods-AuthenticationFlow/Pods-AuthenticationFlow-frameworks-${CONFIGURATION}-input-files.xcfilelist",
			);
			name = "[CP] Embed Pods Frameworks";
			outputFileListPaths = (
				"${PODS_ROOT}/Target Support Files/Pods-AuthenticationFlow/Pods-AuthenticationFlow-frameworks-${CONFIGURATION}-output-files.xcfilelist",
			);
			runOnlyForDeploymentPostprocessing = 0;
			shellPath = /bin/sh;
			shellScript = "\"${PODS_ROOT}/Target Support Files/Pods-AuthenticationFlow/Pods-AuthenticationFlow-frameworks.sh\"\n";
			showEnvVarsInLog = 0;
		};
		789F28420D30F0C98F21A622 /* [CP] Check Pods Manifest.lock */ = {
			isa = PBXShellScriptBuildPhase;
			buildActionMask = 2147483647;
			files = (
			);
			inputFileListPaths = (
			);
			inputPaths = (
				"${PODS_PODFILE_DIR_PATH}/Podfile.lock",
				"${PODS_ROOT}/Manifest.lock",
			);
			name = "[CP] Check Pods Manifest.lock";
			outputFileListPaths = (
			);
			outputPaths = (
				"$(DERIVED_FILE_DIR)/Pods-AuthenticationFlow-checkManifestLockResult.txt",
			);
			runOnlyForDeploymentPostprocessing = 0;
			shellPath = /bin/sh;
			shellScript = "diff \"${PODS_PODFILE_DIR_PATH}/Podfile.lock\" \"${PODS_ROOT}/Manifest.lock\" > /dev/null\nif [ $? != 0 ] ; then\n    # print error to STDERR\n    echo \"error: The sandbox is not in sync with the Podfile.lock. Run 'pod install' or update your CocoaPods installation.\" >&2\n    exit 1\nfi\n# This output is used by Xcode 'outputs' to avoid re-running this script phase.\necho \"SUCCESS\" > \"${SCRIPT_OUTPUT_FILE_0}\"\n";
			showEnvVarsInLog = 0;
		};
/* End PBXShellScriptBuildPhase section */

/* Begin PBXSourcesBuildPhase section */
		2160961324C5B5EB00DFE9B0 /* Sources */ = {
			isa = PBXSourcesBuildPhase;
			buildActionMask = 2147483647;
			files = (
				2160963224C5BFEC00DFE9B0 /* FontExtension.swift in Sources */,
				2160963624C5E4E000DFE9B0 /* SignInView.swift in Sources */,
				2160961B24C5B5EB00DFE9B0 /* AppDelegate.swift in Sources */,
				2160961D24C5B5EB00DFE9B0 /* SceneDelegate.swift in Sources */,
				2160961F24C5B5EB00DFE9B0 /* ContentView.swift in Sources */,
				21EE05F924C70AE200281078 /* LoginManager.swift in Sources */,
				21EE05F424C6ED8D00281078 /* HomeView.swift in Sources */,
				2160963424C5C71F00DFE9B0 /* Strings.swift in Sources */,
				21EE05F624C70A2C00281078 /* ImageExtension.swift in Sources */,
				21EE05ED24C6A1E300281078 /* SocialButtons.swift in Sources */,
				2160963024C5BCBD00DFE9B0 /* ColorExtension.swift in Sources */,
				21EE05EA24C69DE600281078 /* SignUpView.swift in Sources */,
				2160963A24C5E6AC00DFE9B0 /* Utils.swift in Sources */,
				21C9CC3824C9A46F003BB8FB /* SplashView.swift in Sources */,
			);
			runOnlyForDeploymentPostprocessing = 0;
		};
/* End PBXSourcesBuildPhase section */

/* Begin PBXVariantGroup section */
		2160962524C5B5EE00DFE9B0 /* LaunchScreen.storyboard */ = {
			isa = PBXVariantGroup;
			children = (
				2160962624C5B5EE00DFE9B0 /* Base */,
			);
			name = LaunchScreen.storyboard;
			sourceTree = "<group>";
		};
/* End PBXVariantGroup section */

/* Begin XCBuildConfiguration section */
		2160962924C5B5EE00DFE9B0 /* Debug */ = {
			isa = XCBuildConfiguration;
			buildSettings = {
				ALWAYS_SEARCH_USER_PATHS = NO;
				CLANG_ANALYZER_NONNULL = YES;
				CLANG_ANALYZER_NUMBER_OBJECT_CONVERSION = YES_AGGRESSIVE;
				CLANG_CXX_LANGUAGE_STANDARD = "gnu++14";
				CLANG_CXX_LIBRARY = "libc++";
				CLANG_ENABLE_MODULES = YES;
				CLANG_ENABLE_OBJC_ARC = YES;
				CLANG_ENABLE_OBJC_WEAK = YES;
				CLANG_WARN_BLOCK_CAPTURE_AUTORELEASING = YES;
				CLANG_WARN_BOOL_CONVERSION = YES;
				CLANG_WARN_COMMA = YES;
				CLANG_WARN_CONSTANT_CONVERSION = YES;
				CLANG_WARN_DEPRECATED_OBJC_IMPLEMENTATIONS = YES;
				CLANG_WARN_DIRECT_OBJC_ISA_USAGE = YES_ERROR;
				CLANG_WARN_DOCUMENTATION_COMMENTS = YES;
				CLANG_WARN_EMPTY_BODY = YES;
				CLANG_WARN_ENUM_CONVERSION = YES;
				CLANG_WARN_INFINITE_RECURSION = YES;
				CLANG_WARN_INT_CONVERSION = YES;
				CLANG_WARN_NON_LITERAL_NULL_CONVERSION = YES;
				CLANG_WARN_OBJC_IMPLICIT_RETAIN_SELF = YES;
				CLANG_WARN_OBJC_LITERAL_CONVERSION = YES;
				CLANG_WARN_OBJC_ROOT_CLASS = YES_ERROR;
				CLANG_WARN_RANGE_LOOP_ANALYSIS = YES;
				CLANG_WARN_STRICT_PROTOTYPES = YES;
				CLANG_WARN_SUSPICIOUS_MOVE = YES;
				CLANG_WARN_UNGUARDED_AVAILABILITY = YES_AGGRESSIVE;
				CLANG_WARN_UNREACHABLE_CODE = YES;
				CLANG_WARN__DUPLICATE_METHOD_MATCH = YES;
				COPY_PHASE_STRIP = NO;
				DEBUG_INFORMATION_FORMAT = dwarf;
				ENABLE_STRICT_OBJC_MSGSEND = YES;
				ENABLE_TESTABILITY = YES;
				GCC_C_LANGUAGE_STANDARD = gnu11;
				GCC_DYNAMIC_NO_PIC = NO;
				GCC_NO_COMMON_BLOCKS = YES;
				GCC_OPTIMIZATION_LEVEL = 0;
				GCC_PREPROCESSOR_DEFINITIONS = (
					"DEBUG=1",
					"$(inherited)",
				);
				GCC_WARN_64_TO_32_BIT_CONVERSION = YES;
				GCC_WARN_ABOUT_RETURN_TYPE = YES_ERROR;
				GCC_WARN_UNDECLARED_SELECTOR = YES;
				GCC_WARN_UNINITIALIZED_AUTOS = YES_AGGRESSIVE;
				GCC_WARN_UNUSED_FUNCTION = YES;
				GCC_WARN_UNUSED_VARIABLE = YES;
				IPHONEOS_DEPLOYMENT_TARGET = 13.2;
				MTL_ENABLE_DEBUG_INFO = INCLUDE_SOURCE;
				MTL_FAST_MATH = YES;
				ONLY_ACTIVE_ARCH = YES;
				SDKROOT = iphoneos;
				SWIFT_ACTIVE_COMPILATION_CONDITIONS = DEBUG;
				SWIFT_OPTIMIZATION_LEVEL = "-Onone";
			};
			name = Debug;
		};
		2160962A24C5B5EE00DFE9B0 /* Release */ = {
			isa = XCBuildConfiguration;
			buildSettings = {
				ALWAYS_SEARCH_USER_PATHS = NO;
				CLANG_ANALYZER_NONNULL = YES;
				CLANG_ANALYZER_NUMBER_OBJECT_CONVERSION = YES_AGGRESSIVE;
				CLANG_CXX_LANGUAGE_STANDARD = "gnu++14";
				CLANG_CXX_LIBRARY = "libc++";
				CLANG_ENABLE_MODULES = YES;
				CLANG_ENABLE_OBJC_ARC = YES;
				CLANG_ENABLE_OBJC_WEAK = YES;
				CLANG_WARN_BLOCK_CAPTURE_AUTORELEASING = YES;
				CLANG_WARN_BOOL_CONVERSION = YES;
				CLANG_WARN_COMMA = YES;
				CLANG_WARN_CONSTANT_CONVERSION = YES;
				CLANG_WARN_DEPRECATED_OBJC_IMPLEMENTATIONS = YES;
				CLANG_WARN_DIRECT_OBJC_ISA_USAGE = YES_ERROR;
				CLANG_WARN_DOCUMENTATION_COMMENTS = YES;
				CLANG_WARN_EMPTY_BODY = YES;
				CLANG_WARN_ENUM_CONVERSION = YES;
				CLANG_WARN_INFINITE_RECURSION = YES;
				CLANG_WARN_INT_CONVERSION = YES;
				CLANG_WARN_NON_LITERAL_NULL_CONVERSION = YES;
				CLANG_WARN_OBJC_IMPLICIT_RETAIN_SELF = YES;
				CLANG_WARN_OBJC_LITERAL_CONVERSION = YES;
				CLANG_WARN_OBJC_ROOT_CLASS = YES_ERROR;
				CLANG_WARN_RANGE_LOOP_ANALYSIS = YES;
				CLANG_WARN_STRICT_PROTOTYPES = YES;
				CLANG_WARN_SUSPICIOUS_MOVE = YES;
				CLANG_WARN_UNGUARDED_AVAILABILITY = YES_AGGRESSIVE;
				CLANG_WARN_UNREACHABLE_CODE = YES;
				CLANG_WARN__DUPLICATE_METHOD_MATCH = YES;
				COPY_PHASE_STRIP = NO;
				DEBUG_INFORMATION_FORMAT = "dwarf-with-dsym";
				ENABLE_NS_ASSERTIONS = NO;
				ENABLE_STRICT_OBJC_MSGSEND = YES;
				GCC_C_LANGUAGE_STANDARD = gnu11;
				GCC_NO_COMMON_BLOCKS = YES;
				GCC_WARN_64_TO_32_BIT_CONVERSION = YES;
				GCC_WARN_ABOUT_RETURN_TYPE = YES_ERROR;
				GCC_WARN_UNDECLARED_SELECTOR = YES;
				GCC_WARN_UNINITIALIZED_AUTOS = YES_AGGRESSIVE;
				GCC_WARN_UNUSED_FUNCTION = YES;
				GCC_WARN_UNUSED_VARIABLE = YES;
				IPHONEOS_DEPLOYMENT_TARGET = 13.2;
				MTL_ENABLE_DEBUG_INFO = NO;
				MTL_FAST_MATH = YES;
				SDKROOT = iphoneos;
				SWIFT_COMPILATION_MODE = wholemodule;
				SWIFT_OPTIMIZATION_LEVEL = "-O";
				VALIDATE_PRODUCT = YES;
			};
			name = Release;
		};
		2160962C24C5B5EE00DFE9B0 /* Debug */ = {
			isa = XCBuildConfiguration;
			baseConfigurationReference = FC144E04437BD66CBEA82B9D /* Pods-AuthenticationFlow.debug.xcconfig */;
			buildSettings = {
				ASSETCATALOG_COMPILER_APPICON_NAME = AppIcon;
				CODE_SIGN_ENTITLEMENTS = AuthenticationFlow/AuthenticationFlow.entitlements;
				CODE_SIGN_IDENTITY = "Apple Development";
				CODE_SIGN_STYLE = Automatic;
				DEVELOPMENT_ASSET_PATHS = "\"AuthenticationFlow/Preview Content\"";
				DEVELOPMENT_TEAM = AQ6532WWUX;
				ENABLE_PREVIEWS = YES;
				INFOPLIST_FILE = AuthenticationFlow/Info.plist;
				IPHONEOS_DEPLOYMENT_TARGET = 13.2;
				LD_RUNPATH_SEARCH_PATHS = (
					"$(inherited)",
					"@executable_path/Frameworks",
				);
				PRODUCT_BUNDLE_IDENTIFIER = com.augray.AuthenticationFlow;
				PRODUCT_NAME = "$(TARGET_NAME)";
				PROVISIONING_PROFILE_SPECIFIER = "";
				SWIFT_VERSION = 5.0;
				TARGETED_DEVICE_FAMILY = "1,2";
			};
			name = Debug;
		};
		2160962D24C5B5EE00DFE9B0 /* Release */ = {
			isa = XCBuildConfiguration;
			baseConfigurationReference = B85A4D2E2A31AD912D6774B9 /* Pods-AuthenticationFlow.release.xcconfig */;
			buildSettings = {
				ASSETCATALOG_COMPILER_APPICON_NAME = AppIcon;
				CODE_SIGN_ENTITLEMENTS = AuthenticationFlow/AuthenticationFlow.entitlements;
				CODE_SIGN_IDENTITY = "Apple Development";
				CODE_SIGN_STYLE = Automatic;
				DEVELOPMENT_ASSET_PATHS = "\"AuthenticationFlow/Preview Content\"";
				DEVELOPMENT_TEAM = AQ6532WWUX;
				ENABLE_PREVIEWS = YES;
				INFOPLIST_FILE = AuthenticationFlow/Info.plist;
				IPHONEOS_DEPLOYMENT_TARGET = 13.2;
				LD_RUNPATH_SEARCH_PATHS = (
					"$(inherited)",
					"@executable_path/Frameworks",
				);
				PRODUCT_BUNDLE_IDENTIFIER = com.augray.AuthenticationFlow;
				PRODUCT_NAME = "$(TARGET_NAME)";
				PROVISIONING_PROFILE_SPECIFIER = "";
				SWIFT_VERSION = 5.0;
				TARGETED_DEVICE_FAMILY = "1,2";
			};
			name = Release;
		};
/* End XCBuildConfiguration section */

/* Begin XCConfigurationList section */
		2160961224C5B5EB00DFE9B0 /* Build configuration list for PBXProject "AuthenticationFlow" */ = {
			isa = XCConfigurationList;
			buildConfigurations = (
				2160962924C5B5EE00DFE9B0 /* Debug */,
				2160962A24C5B5EE00DFE9B0 /* Release */,
			);
			defaultConfigurationIsVisible = 0;
			defaultConfigurationName = Release;
		};
		2160962B24C5B5EE00DFE9B0 /* Build configuration list for PBXNativeTarget "AuthenticationFlow" */ = {
			isa = XCConfigurationList;
			buildConfigurations = (
				2160962C24C5B5EE00DFE9B0 /* Debug */,
				2160962D24C5B5EE00DFE9B0 /* Release */,
			);
			defaultConfigurationIsVisible = 0;
			defaultConfigurationName = Release;
		};
/* End XCConfigurationList section */

/* Begin XCRemoteSwiftPackageReference section */
		21EE05EE24C6D37C00281078 /* XCRemoteSwiftPackageReference "facebook-ios-sdk" */ = {
			isa = XCRemoteSwiftPackageReference;
			repositoryURL = "https://github.com/facebook/facebook-ios-sdk";
			requirement = {
				kind = upToNextMajorVersion;
				minimumVersion = 7.1.1;
			};
		};
/* End XCRemoteSwiftPackageReference section */

/* Begin XCSwiftPackageProductDependency section */
		21EE05EF24C6D37C00281078 /* FacebookLogin */ = {
			isa = XCSwiftPackageProductDependency;
			package = 21EE05EE24C6D37C00281078 /* XCRemoteSwiftPackageReference "facebook-ios-sdk" */;
			productName = FacebookLogin;
		};
		21EE05F124C6D37C00281078 /* FacebookCore */ = {
			isa = XCSwiftPackageProductDependency;
			package = 21EE05EE24C6D37C00281078 /* XCRemoteSwiftPackageReference "facebook-ios-sdk" */;
			productName = FacebookCore;
		};
/* End XCSwiftPackageProductDependency section */
	};
	rootObject = 2160960F24C5B5EB00DFE9B0 /* Project object */;
}
